github.com/pion/randutil v0.1.0 h1:CFG1UdESneORglEsnimhUjf33Rwjubwj6xfiOXBa3mA=
github.com/pion/randutil v0.1.0/go.mod h1:XcJrSMMbbMRhASFVOlj/5hQial/Y8oH/HVo7TBZq+j8=
github.com/pion/rtp v1.7.13 h1:qcHwlmtiI50t1XivvoawdCGTP4Uiypzfrsap+bijcoA=
github.com/pion/rtp v1.7.13/go.mod h1:bDb5n+BFZxXx0Ea7E5qe+klMuqiBrP+w8XSjiWtCUko=
github.com/wh8199/log v1.1.3 h1:iN/MPLrDQNrA6eMTPkNXK4OPS8tGhFwI88Fu+8bm88c=
github.com/wh8199/log v1.1.3/go.mod h1:DUYhWOhB3Q9Q4pmhoWkf9kn49FJvZ+GRgadKWjrGK9Q=
gopkg.in/ini.v1 v1.66.4/go.mod h1:pNLf8WUiyNEtQjuu5G5vTm06TEv9tsIgeAvK8hOrP4k=
